{
  "name": "pbchess",
  "version": "0.1.0",
  "lockfileVersion": 1,
  "requires": true,
  "dependencies": {
    "react-content-loader": {
      "version": "6.0.2",
      "resolved": "https://registry.npmjs.org/react-content-loader/-/react-content-loader-6.0.2.tgz",
      "integrity": "sha512-eQrWT2KV1uPhFh9ErRhOLl4SBkzK9oxQiuEq6Dgq4D9oqKg9j/Ib8+aFoknvn1hYVx5fqSAI5BjxY9ukTOVPXw=="
    },
    "react-fade-in": {
      "version": "2.0.1",
      "resolved": "https://registry.npmjs.org/react-fade-in/-/react-fade-in-2.0.1.tgz",
      "integrity": "sha512-oqS/WT4znaXEHmL+yo0IDUDY7uC9K4RP35j1SdRUEBspR09B2iIC0i8oJ28tPOr6Ez/L2aktF9p89j+DbsTVNw=="
    }
  }
}
